
Microsoft Visual Studio Solution File, Format Version 12.00
# Visual Studio Version 17
VisualStudioVersion = 17.7.34018.315
MinimumVisualStudioVersion = 10.0.40219.1
Project("{FAE04EC0-301F-11D3-BF4B-00C04F79EFBC}") = "NLayer.Core", "NLayer.Core\NLayer.Core.csproj", "{59ECF760-A848-460A-BA43-439FE3085B93}"
EndProject
Project("{FAE04EC0-301F-11D3-BF4B-00C04F79EFBC}") = "NLayer.Repository", "NLayer.Repository\NLayer.Repository.csproj", "{123499A8-39DD-413C-A169-8CF5CAD803E8}"
EndProject
Project("{FAE04EC0-301F-11D3-BF4B-00C04F79EFBC}") = "NLayer.Service", "NLayer.Service\NLayer.Service.csproj", "{C5141B08-A740-4DE9-BBF4-C914A7943412}"
EndProject
Project("{FAE04EC0-301F-11D3-BF4B-00C04F79EFBC}") = "NLayer.API", "NLayer.API\NLayer.API.csproj", "{00BD3050-E8FA-41B5-98B0-82DCBC4C3569}"
EndProject
Project("{FAE04EC0-301F-11D3-BF4B-00C04F79EFBC}") = "NLayer.Caching", "NLayer.Caching\NLayer.Caching.csproj", "{0E94BA14-AA09-472F-8DFB-FB54B669EDA8}"
EndProject
Global
	GlobalSection(SolutionConfigurationPlatforms) = preSolution
		Debug|Any CPU = Debug|Any CPU
		Release|Any CPU = Release|Any CPU
	EndGlobalSection
	GlobalSection(ProjectConfigurationPlatforms) = postSolution
		{59ECF760-A848-460A-BA43-439FE3085B93}.Debug|Any CPU.ActiveCfg = Debug|Any CPU
		{59ECF760-A848-460A-BA43-439FE3085B93}.Debug|Any CPU.Build.0 = Debug|Any CPU
		{59ECF760-A848-460A-BA43-439FE3085B93}.Release|Any CPU.ActiveCfg = Release|Any CPU
		{59ECF760-A848-460A-BA43-439FE3085B93}.Release|Any CPU.Build.0 = Release|Any CPU
		{123499A8-39DD-413C-A169-8CF5CAD803E8}.Debug|Any CPU.ActiveCfg = Debug|Any CPU
		{123499A8-39DD-413C-A169-8CF5CAD803E8}.Debug|Any CPU.Build.0 = Debug|Any CPU
		{123499A8-39DD-413C-A169-8CF5CAD803E8}.Release|Any CPU.ActiveCfg = Release|Any CPU
		{123499A8-39DD-413C-A169-8CF5CAD803E8}.Release|Any CPU.Build.0 = Release|Any CPU
		{C5141B08-A740-4DE9-BBF4-C914A7943412}.Debug|Any CPU.ActiveCfg = Debug|Any CPU
		{C5141B08-A740-4DE9-BBF4-C914A7943412}.Debug|Any CPU.Build.0 = Debug|Any CPU
		{C5141B08-A740-4DE9-BBF4-C914A7943412}.Release|Any CPU.ActiveCfg = Release|Any CPU
		{C5141B08-A740-4DE9-BBF4-C914A7943412}.Release|Any CPU.Build.0 = Release|Any CPU
		{00BD3050-E8FA-41B5-98B0-82DCBC4C3569}.Debug|Any CPU.ActiveCfg = Debug|Any CPU
		{00BD3050-E8FA-41B5-98B0-82DCBC4C3569}.Debug|Any CPU.Build.0 = Debug|Any CPU
		{00BD3050-E8FA-41B5-98B0-82DCBC4C3569}.Release|Any CPU.ActiveCfg = Release|Any CPU
		{00BD3050-E8FA-41B5-98B0-82DCBC4C3569}.Release|Any CPU.Build.0 = Release|Any CPU
		{0E94BA14-AA09-472F-8DFB-FB54B669EDA8}.Debug|Any CPU.ActiveCfg = Debug|Any CPU
		{0E94BA14-AA09-472F-8DFB-FB54B669EDA8}.Debug|Any CPU.Build.0 = Debug|Any CPU
		{0E94BA14-AA09-472F-8DFB-FB54B669EDA8}.Release|Any CPU.ActiveCfg = Release|Any CPU
		{0E94BA14-AA09-472F-8DFB-FB54B669EDA8}.Release|Any CPU.Build.0 = Release|Any CPU
	EndGlobalSection
	GlobalSection(SolutionProperties) = preSolution
		HideSolutionNode = FALSE
	EndGlobalSection
	GlobalSection(ExtensibilityGlobals) = postSolution
		SolutionGuid = {5EC81CA1-960A-428B-8ABF-850A6F61A052}
	EndGlobalSection
EndGlobal
